{
  "name": "template",
  "lockfileVersion": 2,
  "requires": true,
  "packages": {
    "": {
      "dependencies": {
        "@windmillcode/karma-chronium-edge-launcher": "^0.0.1"
      }
    },
    "node_modules/@windmillcode/karma-chronium-edge-launcher": {
      "version": "0.0.1",
      "resolved": "https://registry.npmjs.org/@windmillcode/karma-chronium-edge-launcher/-/karma-chronium-edge-launcher-0.0.1.tgz",
      "integrity": "sha512-WfWRJn6GJ87py+hStbIHjC6RRRgYvt+UdDsB2jwjWVj78DCNTTwckO3KkrM4mlVLav4CJGuZMcwBIzbBOH3TzQ=="
    }
  },
  "dependencies": {
    "@windmillcode/karma-chronium-edge-launcher": {
      "version": "0.0.1",
      "resolved": "https://registry.npmjs.org/@windmillcode/karma-chronium-edge-launcher/-/karma-chronium-edge-launcher-0.0.1.tgz",
      "integrity": "sha512-WfWRJn6GJ87py+hStbIHjC6RRRgYvt+UdDsB2jwjWVj78DCNTTwckO3KkrM4mlVLav4CJGuZMcwBIzbBOH3TzQ=="
    }
  }
}
